
Microsoft Visual Studio Solution File, Format Version 12.00
# Visual Studio 15
Project("{FAE04EC0-301F-11D3-BF4B-00C04F79EFBC}") = "WordSearch", "WordSearch\WordSearch.csproj", "{B748E2BD-DA03-46C8-A7E3-1EDCB3B6AF46}"
EndProject
Global
	GlobalSection(SolutionConfigurationPlatforms) = preSolution
		Debug|anycpu = Debug|anycpu
		Release|anycpu = Release|anycpu
	EndGlobalSection
	GlobalSection(ProjectConfigurationPlatforms) = postSolution
		{B748E2BD-DA03-46C8-A7E3-1EDCB3B6AF46}.Debug|anycpu.ActiveCfg = Debug|anycpu
		{B748E2BD-DA03-46C8-A7E3-1EDCB3B6AF46}.Debug|anycpu.Build.0 = Debug|anycpu
		{B748E2BD-DA03-46C8-A7E3-1EDCB3B6AF46}.Release|anycpu.ActiveCfg = Release|anycpu
		{B748E2BD-DA03-46C8-A7E3-1EDCB3B6AF46}.Release|anycpu.Build.0 = Release|anycpu
	EndGlobalSection
EndGlobal
